
Microsoft Visual Studio Solution File, Format Version 12.00
# Visual Studio Version 16
VisualStudioVersion = 16.0.31105.61
MinimumVisualStudioVersion = 10.0.40219.1
Project("{9A19103F-16F7-4668-BE54-9A1E7A4F7556}") = "ExcelCompare", "ExcelCompare\ExcelCompare.csproj", "{8A834DED-EC2B-4EFC-B382-570238B64545}"
EndProject
Project("{9A19103F-16F7-4668-BE54-9A1E7A4F7556}") = "ExcelCompare.Models", "ExcelCompare.Models\ExcelCompare.Models.csproj", "{9FCC0301-F0F8-4DD7-8B01-24E1E6D97AD2}"
EndProject
Project("{9A19103F-16F7-4668-BE54-9A1E7A4F7556}") = "ExcelCompare.ViewModels", "ExcelCompare.ViewModels\ExcelCompare.ViewModels.csproj", "{9D2EB599-BF63-4614-99C9-6AB50BF6B2E7}"
EndProject
Project("{FAE04EC0-301F-11D3-BF4B-00C04F79EFBC}") = "ExcelCompare.UnitTest", "ExcelCompare.UnitTest\ExcelCompare.UnitTest.csproj", "{FEFAE197-D703-4065-8257-0C14F17F7C6D}"
EndProject
Global
	GlobalSection(SolutionConfigurationPlatforms) = preSolution
		Debug|Any CPU = Debug|Any CPU
		Release|Any CPU = Release|Any CPU
	EndGlobalSection
	GlobalSection(ProjectConfigurationPlatforms) = postSolution
		{8A834DED-EC2B-4EFC-B382-570238B64545}.Debug|Any CPU.ActiveCfg = Debug|Any CPU
		{8A834DED-EC2B-4EFC-B382-570238B64545}.Debug|Any CPU.Build.0 = Debug|Any CPU
		{8A834DED-EC2B-4EFC-B382-570238B64545}.Release|Any CPU.ActiveCfg = Release|Any CPU
		{8A834DED-EC2B-4EFC-B382-570238B64545}.Release|Any CPU.Build.0 = Release|Any CPU
		{9FCC0301-F0F8-4DD7-8B01-24E1E6D97AD2}.Debug|Any CPU.ActiveCfg = Debug|Any CPU
		{9FCC0301-F0F8-4DD7-8B01-24E1E6D97AD2}.Debug|Any CPU.Build.0 = Debug|Any CPU
		{9FCC0301-F0F8-4DD7-8B01-24E1E6D97AD2}.Release|Any CPU.ActiveCfg = Release|Any CPU
		{9FCC0301-F0F8-4DD7-8B01-24E1E6D97AD2}.Release|Any CPU.Build.0 = Release|Any CPU
		{9D2EB599-BF63-4614-99C9-6AB50BF6B2E7}.Debug|Any CPU.ActiveCfg = Debug|Any CPU
		{9D2EB599-BF63-4614-99C9-6AB50BF6B2E7}.Debug|Any CPU.Build.0 = Debug|Any CPU
		{9D2EB599-BF63-4614-99C9-6AB50BF6B2E7}.Release|Any CPU.ActiveCfg = Release|Any CPU
		{9D2EB599-BF63-4614-99C9-6AB50BF6B2E7}.Release|Any CPU.Build.0 = Release|Any CPU
		{FEFAE197-D703-4065-8257-0C14F17F7C6D}.Debug|Any CPU.ActiveCfg = Debug|Any CPU
		{FEFAE197-D703-4065-8257-0C14F17F7C6D}.Debug|Any CPU.Build.0 = Debug|Any CPU
		{FEFAE197-D703-4065-8257-0C14F17F7C6D}.Release|Any CPU.ActiveCfg = Release|Any CPU
		{FEFAE197-D703-4065-8257-0C14F17F7C6D}.Release|Any CPU.Build.0 = Release|Any CPU
	EndGlobalSection
	GlobalSection(SolutionProperties) = preSolution
		HideSolutionNode = FALSE
	EndGlobalSection
	GlobalSection(ExtensibilityGlobals) = postSolution
		SolutionGuid = {A1D7F808-D4FF-4907-A823-BF89483C7D3C}
	EndGlobalSection
EndGlobal
